# generated by rye
# use `rye lock` or `rye sync` to update this lockfile
#
# last locked with the following flags:
#   pre: false
#   features: []
#   all-features: false
#   with-sources: false
#   generate-hashes: false
#   universal: false

-e file:.
aiohappyeyeballs==2.4.0
    # via aiohttp
aiohttp==3.10.5
    # via aiohttp-jinja2
    # via appdaemon
    # via sockjs
aiohttp-jinja2==1.6
    # via appdaemon
aiosignal==1.3.1
    # via aiohttp
annotated-types==0.7.0
    # via pydantic
astral==3.2
    # via appdaemon
asttokens==2.4.1
    # via stack-data
async-timeout==4.0.3
    # via sockjs
attrs==24.2.0
    # via aiohttp
bcrypt==4.2.0
    # via appdaemon
bidict==0.23.1
    # via python-socketio
build==1.2.1
certifi==2024.7.4
    # via requests
cfgv==3.4.0
    # via pre-commit
charset-normalizer==3.3.2
    # via requests
comm==0.2.2
    # via ipykernel
debugpy==1.8.5
    # via ipykernel
decorator==5.1.1
    # via ipython
deepdiff==7.0.1
    # via appdaemon
distlib==0.3.8
    # via virtualenv
executing==2.1.0
    # via stack-data
feedparser==6.0.11
    # via appdaemon
filelock==3.15.4
    # via virtualenv
frozenlist==1.4.1
    # via aiohttp
    # via aiosignal
gitdb==4.0.11
    # via gitpython
gitpython==3.1.43
h11==0.14.0
    # via wsproto
identify==2.6.0
    # via pre-commit
idna==3.8
    # via requests
    # via yarl
iniconfig==2.0.0
    # via pytest
ipykernel==6.29.5
ipython==8.27.0
    # via ipykernel
iso8601==2.1.0
    # via appdaemon
jedi==0.19.1
    # via ipython
jinja2==3.1.4
    # via aiohttp-jinja2
jupyter-client==8.6.2
    # via ipykernel
jupyter-core==5.7.2
    # via ipykernel
    # via jupyter-client
markdown-it-py==3.0.0
    # via rich
markupsafe==2.1.5
    # via jinja2
matplotlib-inline==0.1.7
    # via ipykernel
    # via ipython
mdurl==0.1.2
    # via markdown-it-py
multidict==6.0.5
    # via aiohttp
    # via yarl
nest-asyncio==1.6.0
    # via ipykernel
nodeenv==1.9.1
    # via pre-commit
ordered-set==4.1.0
    # via deepdiff
packaging==24.1
    # via build
    # via ipykernel
    # via pytest
paho-mqtt==2.1.0
    # via appdaemon
parso==0.8.4
    # via jedi
pexpect==4.9.0
    # via ipython
pid==3.0.4
    # via appdaemon
platformdirs==4.2.2
    # via jupyter-core
    # via virtualenv
pluggy==1.5.0
    # via pytest
pre-commit==3.8.0
prompt-toolkit==3.0.47
    # via ipython
psutil==6.0.0
    # via ipykernel
ptyprocess==0.7.0
    # via pexpect
pure-eval==0.2.3
    # via stack-data
pydantic==2.8.2
    # via appdaemon
pydantic-core==2.20.1
    # via pydantic
pygments==2.18.0
    # via ipython
    # via rich
pyproject-hooks==1.1.0
    # via build
pytest==8.3.2
python-dateutil==2.9.0.post0
    # via appdaemon
    # via jupyter-client
python-engineio==4.9.1
    # via python-socketio
python-socketio==5.11.3
    # via appdaemon
pytz==2024.1
    # via appdaemon
pyyaml==6.0.2
    # via appdaemon
    # via pre-commit
pyzmq==26.2.0
    # via ipykernel
    # via jupyter-client
requests==2.32.3
    # via appdaemon
rich==13.8.0
ruff==0.6.3
sgmllib3k==1.0.0
    # via feedparser
simple-websocket==1.0.0
    # via python-engineio
six==1.16.0
    # via asttokens
    # via python-dateutil
smmap==5.0.1
    # via gitdb
sockjs==0.13.0
    # via appdaemon
stack-data==0.6.3
    # via ipython
tomli==2.0.1
    # via appdaemon
tomli-w==1.0.0
    # via appdaemon
tornado==6.4.1
    # via ipykernel
    # via jupyter-client
traitlets==5.14.3
    # via comm
    # via ipykernel
    # via ipython
    # via jupyter-client
    # via jupyter-core
    # via matplotlib-inline
typing-extensions==4.12.2
    # via pydantic
    # via pydantic-core
urllib3==2.2.2
    # via requests
uv==0.3.4
uvloop==0.20.0
    # via appdaemon
virtualenv==20.26.3
    # via pre-commit
wcwidth==0.2.13
    # via prompt-toolkit
wsproto==1.2.0
    # via simple-websocket
yarl==1.9.4
    # via aiohttp
